
Microsoft Visual Studio Solution File, Format Version 12.00
# Visual Studio Version 16
VisualStudioVersion = 16.0.29806.167
MinimumVisualStudioVersion = 10.0.40219.1
Project("{FAE04EC0-301F-11D3-BF4B-00C04F79EFBC}") = "BankingApplication", "BankingApplication\BankingApplication.csproj", "{FAB45A2A-703A-4157-A413-644F0C4B53C3}"
EndProject
Project("{FAE04EC0-301F-11D3-BF4B-00C04F79EFBC}") = "BankingLibrary", "BankingLibrary\BankingLibrary.csproj", "{48D0DCA4-4A77-4A37-9AF6-88534EC25CE8}"
EndProject
Global
	GlobalSection(SolutionConfigurationPlatforms) = preSolution
		Debug|Any CPU = Debug|Any CPU
		Release|Any CPU = Release|Any CPU
	EndGlobalSection
	GlobalSection(ProjectConfigurationPlatforms) = postSolution
		{FAB45A2A-703A-4157-A413-644F0C4B53C3}.Debug|Any CPU.ActiveCfg = Debug|Any CPU
		{FAB45A2A-703A-4157-A413-644F0C4B53C3}.Debug|Any CPU.Build.0 = Debug|Any CPU
		{FAB45A2A-703A-4157-A413-644F0C4B53C3}.Release|Any CPU.ActiveCfg = Release|Any CPU
		{FAB45A2A-703A-4157-A413-644F0C4B53C3}.Release|Any CPU.Build.0 = Release|Any CPU
		{48D0DCA4-4A77-4A37-9AF6-88534EC25CE8}.Debug|Any CPU.ActiveCfg = Debug|Any CPU
		{48D0DCA4-4A77-4A37-9AF6-88534EC25CE8}.Debug|Any CPU.Build.0 = Debug|Any CPU
		{48D0DCA4-4A77-4A37-9AF6-88534EC25CE8}.Release|Any CPU.ActiveCfg = Release|Any CPU
		{48D0DCA4-4A77-4A37-9AF6-88534EC25CE8}.Release|Any CPU.Build.0 = Release|Any CPU
	EndGlobalSection
	GlobalSection(SolutionProperties) = preSolution
		HideSolutionNode = FALSE
	EndGlobalSection
	GlobalSection(ExtensibilityGlobals) = postSolution
		SolutionGuid = {809685C9-3961-4779-B581-2E3EB2E5E259}
	EndGlobalSection
EndGlobal
